<?xml version="1.0" encoding="utf-8"?>
<Project ToolsVersion="4.0" xmlns="http://schemas.microsoft.com/developer/msbuild/2003">
  <ItemGroup>
    <Filter Include="소스 파일">
      <UniqueIdentifier>{4FC737F1-C7A5-4376-A066-2A32D752A2FF}</UniqueIdentifier>
      <Extensions>cpp;c;cc;cxx;c++;def;odl;idl;hpj;bat;asm;asmx</Extensions>
    </Filter>
    <Filter Include="헤더 파일">
      <UniqueIdentifier>{93995380-89BD-4b04-88EB-625FBE52EBFB}</UniqueIdentifier>
      <Extensions>h;hh;hpp;hxx;h++;hm;inl;inc;ipp;xsd</Extensions>
    </Filter>
    <Filter Include="리소스 파일">
      <UniqueIdentifier>{67DA6AB6-F800-4c08-8B7A-83BB121AAD01}</UniqueIdentifier>
      <Extensions>rc;ico;cur;bmp;dlg;rc2;rct;bin;rgs;gif;jpg;jpeg;jpe;resx;tiff;tif;png;wav;mfcribbon-ms</Extensions>
    </Filter>
    <Filter Include="리소스 파일\shaders">
      <UniqueIdentifier>{22de33ee-958f-45aa-8805-880aaedd970a}</UniqueIdentifier>
    </Filter>
    <Filter Include="소스 파일\vender">
      <UniqueIdentifier>{648bb02d-47fe-44c9-bb8d-c389b1e2f645}</UniqueIdentifier>
    </Filter>
    <Filter Include="소스 파일\vender\stb_image">
      <UniqueIdentifier>{6a6c07e9-804f-4f82-89fc-2ee6d5ecc142}</UniqueIdentifier>
    </Filter>
    <Filter Include="소스 파일\vender\imgui">
      <UniqueIdentifier>{f2a1685d-4bb9-4e9c-9372-2886fba6cb6d}</UniqueIdentifier>
    </Filter>
  </ItemGroup>
  <ItemGroup>
    <ClCompile Include="src\Application.cpp">
      <Filter>소스 파일</Filter>
    </ClCompile>
    <ClCompile Include="src\Renderer.cpp">
      <Filter>소스 파일</Filter>
    </ClCompile>
    <ClCompile Include="src\VertexBuffer.cpp">
      <Filter>소스 파일</Filter>
    </ClCompile>
    <ClCompile Include="src\IndexBuffer.cpp">
      <Filter>소스 파일</Filter>
    </ClCompile>
    <ClCompile Include="src\VertexArray.cpp">
      <Filter>소스 파일</Filter>
    </ClCompile>
    <ClCompile Include="src\Shader.cpp">
      <Filter>소스 파일</Filter>
    </ClCompile>
    <ClCompile Include="src\vender\stb_image\stb_image.cpp">
      <Filter>소스 파일\vender\stb_image</Filter>
    </ClCompile>
    <ClCompile Include="src\Texture.cpp">
      <Filter>소스 파일</Filter>
    </ClCompile>
    <ClCompile Include="src\vender\imgui\imgui_widgets.cpp">
      <Filter>소스 파일\vender\imgui</Filter>
    </ClCompile>
    <ClCompile Include="src\vender\imgui\imgui_impl_opengl3.cpp">
      <Filter>소스 파일\vender\imgui</Filter>
    </ClCompile>
    <ClCompile Include="src\vender\imgui\imgui_draw.cpp">
      <Filter>소스 파일\vender\imgui</Filter>
    </ClCompile>
    <ClCompile Include="src\vender\imgui\imgui_demo.cpp">
      <Filter>소스 파일\vender\imgui</Filter>
    </ClCompile>
    <ClCompile Include="src\vender\imgui\imgui.cpp">
      <Filter>소스 파일\vender\imgui</Filter>
    </ClCompile>
    <ClCompile Include="src\vender\imgui\imgui_impl_glfw.cpp">
      <Filter>소스 파일\vender\imgui</Filter>
    </ClCompile>
  </ItemGroup>
  <ItemGroup>
    <None Include="res\shaders\Basic.glsl">
      <Filter>리소스 파일\shaders</Filter>
    </None>
  </ItemGroup>
  <ItemGroup>
    <ClInclude Include="src\Renderer.h">
      <Filter>소스 파일</Filter>
    </ClInclude>
    <ClInclude Include="src\VertexBuffer.h">
      <Filter>소스 파일</Filter>
    </ClInclude>
    <ClInclude Include="src\IndexBuffer.h">
      <Filter>소스 파일</Filter>
    </ClInclude>
    <ClInclude Include="src\VertexArray.h">
      <Filter>소스 파일</Filter>
    </ClInclude>
    <ClInclude Include="src\VertexBufferLayout.h">
      <Filter>소스 파일</Filter>
    </ClInclude>
    <ClInclude Include="src\Shader.h">
      <Filter>소스 파일</Filter>
    </ClInclude>
    <ClInclude Include="src\vender\stb_image\stb_image.h">
      <Filter>소스 파일\vender\stb_image</Filter>
    </ClInclude>
    <ClInclude Include="src\Texture.h">
      <Filter>소스 파일</Filter>
    </ClInclude>
    <ClInclude Include="src\vender\imgui\imstb_truetype.h">
      <Filter>소스 파일\vender\imgui</Filter>
    </ClInclude>
    <ClInclude Include="src\vender\imgui\imstb_textedit.h">
      <Filter>소스 파일\vender\imgui</Filter>
    </ClInclude>
    <ClInclude Include="src\vender\imgui\imstb_rectpack.h">
      <Filter>소스 파일\vender\imgui</Filter>
    </ClInclude>
    <ClInclude Include="src\vender\imgui\imgui_internal.h">
      <Filter>소스 파일\vender\imgui</Filter>
    </ClInclude>
    <ClInclude Include="src\vender\imgui\imgui_impl_opengl3.h">
      <Filter>소스 파일\vender\imgui</Filter>
    </ClInclude>
    <ClInclude Include="src\vender\imgui\imgui.h">
      <Filter>소스 파일\vender\imgui</Filter>
    </ClInclude>
    <ClInclude Include="src\vender\imgui\imconfig.h">
      <Filter>소스 파일\vender\imgui</Filter>
    </ClInclude>
    <ClInclude Include="src\vender\imgui\imgui_impl_glfw.h">
      <Filter>소스 파일\vender\imgui</Filter>
    </ClInclude>
  </ItemGroup>
</Project>